
Microsoft Visual Studio Solution File, Format Version 12.00
# Visual Studio Version 16
VisualStudioVersion = 16.0.31729.503
MinimumVisualStudioVersion = 10.0.40219.1
Project("{FAE04EC0-301F-11D3-BF4B-00C04F79EFBC}") = "basic_data_binding", "basic_data_binding\basic_data_binding.csproj", "{66081730-6E63-4C94-8A1E-605694ACEFB1}"
EndProject
Global
	GlobalSection(SolutionConfigurationPlatforms) = preSolution
		Debug|Any CPU = Debug|Any CPU
		Release|Any CPU = Release|Any CPU
	EndGlobalSection
	GlobalSection(ProjectConfigurationPlatforms) = postSolution
		{66081730-6E63-4C94-8A1E-605694ACEFB1}.Debug|Any CPU.ActiveCfg = Debug|Any CPU
		{66081730-6E63-4C94-8A1E-605694ACEFB1}.Debug|Any CPU.Build.0 = Debug|Any CPU
		{66081730-6E63-4C94-8A1E-605694ACEFB1}.Release|Any CPU.ActiveCfg = Release|Any CPU
		{66081730-6E63-4C94-8A1E-605694ACEFB1}.Release|Any CPU.Build.0 = Release|Any CPU
	EndGlobalSection
	GlobalSection(SolutionProperties) = preSolution
		HideSolutionNode = FALSE
	EndGlobalSection
	GlobalSection(ExtensibilityGlobals) = postSolution
		SolutionGuid = {7D006A86-6AAB-4621-A017-01B92E6DEF81}
	EndGlobalSection
EndGlobal
